
Microsoft Visual Studio Solution File, Format Version 12.00
# Visual Studio 2013
VisualStudioVersion = 12.0.31101.0
MinimumVisualStudioVersion = 10.0.40219.1
Project("{CC5FD16D-436D-48AD-A40C-5A424C6E3E79}") = "WCFWorker", "WCFWorker\WCFWorker.ccproj", "{4BCF30B6-DEE0-4B28-A950-101004DE2B45}"
EndProject
Project("{FAE04EC0-301F-11D3-BF4B-00C04F79EFBC}") = "WorkerRole1", "WorkerRole1\WorkerRole1.csproj", "{FAF4FAA5-398C-44D3-BF35-44D7A9264C09}"
EndProject
Global
	GlobalSection(SolutionConfigurationPlatforms) = preSolution
		Debug|Any CPU = Debug|Any CPU
		Release|Any CPU = Release|Any CPU
	EndGlobalSection
	GlobalSection(ProjectConfigurationPlatforms) = postSolution
		{4BCF30B6-DEE0-4B28-A950-101004DE2B45}.Debug|Any CPU.ActiveCfg = Debug|Any CPU
		{4BCF30B6-DEE0-4B28-A950-101004DE2B45}.Debug|Any CPU.Build.0 = Debug|Any CPU
		{4BCF30B6-DEE0-4B28-A950-101004DE2B45}.Release|Any CPU.ActiveCfg = Release|Any CPU
		{4BCF30B6-DEE0-4B28-A950-101004DE2B45}.Release|Any CPU.Build.0 = Release|Any CPU
		{FAF4FAA5-398C-44D3-BF35-44D7A9264C09}.Debug|Any CPU.ActiveCfg = Debug|Any CPU
		{FAF4FAA5-398C-44D3-BF35-44D7A9264C09}.Debug|Any CPU.Build.0 = Debug|Any CPU
		{FAF4FAA5-398C-44D3-BF35-44D7A9264C09}.Release|Any CPU.ActiveCfg = Release|Any CPU
		{FAF4FAA5-398C-44D3-BF35-44D7A9264C09}.Release|Any CPU.Build.0 = Release|Any CPU
	EndGlobalSection
	GlobalSection(SolutionProperties) = preSolution
		HideSolutionNode = FALSE
	EndGlobalSection
EndGlobal
